// !$*UTF8*$!
{
	archiveVersion = 1;
	classes = {
	};
	objectVersion = 45;
	objects = {

/* Begin PBXBuildFile section */
		170FCE9D0EAA179F005D8E95 /* NSObject+JBBAdditions.h in Headers */ = {isa = PBXBuildFile; fileRef = 170FCE9B0EAA179F005D8E95 /* NSObject+JBBAdditions.h */; settings = {ATTRIBUTES = (Public, ); }; };
		170FCE9E0EAA179F005D8E95 /* NSObject+JBBAdditions.m in Sources */ = {isa = PBXBuildFile; fileRef = 170FCE9C0EAA179F005D8E95 /* NSObject+JBBAdditions.m */; };
		170FCEA30EAA1822005D8E95 /* NSArray+JBBAdditions.h in Headers */ = {isa = PBXBuildFile; fileRef = 170FCEA10EAA1822005D8E95 /* NSArray+JBBAdditions.h */; settings = {ATTRIBUTES = (Public, ); }; };
		170FCEA40EAA1822005D8E95 /* NSArray+JBBAdditions.m in Sources */ = {isa = PBXBuildFile; fileRef = 170FCEA20EAA1822005D8E95 /* NSArray+JBBAdditions.m */; };
		170FCEA90EAB6DA4005D8E95 /* NSDictionary+JBBAdditions.h in Headers */ = {isa = PBXBuildFile; fileRef = 170FCEA70EAB6DA4005D8E95 /* NSDictionary+JBBAdditions.h */; settings = {ATTRIBUTES = (Public, ); }; };
		170FCEAA0EAB6DA4005D8E95 /* NSDictionary+JBBAdditions.m in Sources */ = {isa = PBXBuildFile; fileRef = 170FCEA80EAB6DA4005D8E95 /* NSDictionary+JBBAdditions.m */; };
		170FCEB10EAB7112005D8E95 /* NSString+JBBAdditions.h in Headers */ = {isa = PBXBuildFile; fileRef = 170FCEAF0EAB7112005D8E95 /* NSString+JBBAdditions.h */; settings = {ATTRIBUTES = (Public, ); }; };
		170FCEB20EAB7112005D8E95 /* NSString+JBBAdditions.m in Sources */ = {isa = PBXBuildFile; fileRef = 170FCEB00EAB7112005D8E95 /* NSString+JBBAdditions.m */; };
		170FCEB70EAB7159005D8E95 /* NSValue+JBBAdditions.h in Headers */ = {isa = PBXBuildFile; fileRef = 170FCEB50EAB7159005D8E95 /* NSValue+JBBAdditions.h */; settings = {ATTRIBUTES = (Public, ); }; };
		170FCEB80EAB7159005D8E95 /* NSValue+JBBAdditions.m in Sources */ = {isa = PBXBuildFile; fileRef = 170FCEB60EAB7159005D8E95 /* NSValue+JBBAdditions.m */; };
		170FCEBD0EAB71D2005D8E95 /* NSData+JBBAdditions.h in Headers */ = {isa = PBXBuildFile; fileRef = 170FCEBB0EAB71D2005D8E95 /* NSData+JBBAdditions.h */; settings = {ATTRIBUTES = (Public, ); }; };
		170FCEBE0EAB71D2005D8E95 /* NSData+JBBAdditions.m in Sources */ = {isa = PBXBuildFile; fileRef = 170FCEBC0EAB71D2005D8E95 /* NSData+JBBAdditions.m */; };
		170FCECC0EAB723A005D8E95 /* NSAppleEventDescriptor+JBBAdditions.h in Headers */ = {isa = PBXBuildFile; fileRef = 170FCECA0EAB723A005D8E95 /* NSAppleEventDescriptor+JBBAdditions.h */; settings = {ATTRIBUTES = (Public, ); }; };
		170FCECD0EAB723A005D8E95 /* NSAppleEventDescriptor+JBBAdditions.m in Sources */ = {isa = PBXBuildFile; fileRef = 170FCECB0EAB723A005D8E95 /* NSAppleEventDescriptor+JBBAdditions.m */; };
		170FCED20EAB7280005D8E95 /* JBBID3Tag.h in Headers */ = {isa = PBXBuildFile; fileRef = 170FCED00EAB7280005D8E95 /* JBBID3Tag.h */; settings = {ATTRIBUTES = (Public, ); }; };
		170FCED30EAB7280005D8E95 /* JBBID3Tag.mm in Sources */ = {isa = PBXBuildFile; fileRef = 170FCED10EAB7280005D8E95 /* JBBID3Tag.mm */; };
		17302ABB0D5BA00B005817E3 /* JBBAdditions.h in Headers */ = {isa = PBXBuildFile; fileRef = 17302ABA0D5BA00B005817E3 /* JBBAdditions.h */; settings = {ATTRIBUTES = (Public, ); }; };
		1731EB320EABF28D00115B0C /* NSNumber+JBBAdditions.h in Headers */ = {isa = PBXBuildFile; fileRef = 1731EB300EABF28D00115B0C /* NSNumber+JBBAdditions.h */; };
		1731EB330EABF28D00115B0C /* NSNumber+JBBAdditions.m in Sources */ = {isa = PBXBuildFile; fileRef = 1731EB310EABF28D00115B0C /* NSNumber+JBBAdditions.m */; };
		1731EB380EABF7E800115B0C /* NSXMLElement+JBBAdditions.h in Headers */ = {isa = PBXBuildFile; fileRef = 1731EB360EABF7E800115B0C /* NSXMLElement+JBBAdditions.h */; };
		1731EB390EABF7E800115B0C /* NSXMLElement+JBBAdditions.m in Sources */ = {isa = PBXBuildFile; fileRef = 1731EB370EABF7E800115B0C /* NSXMLElement+JBBAdditions.m */; };
		1731EB400EABFFA400115B0C /* NSDecimalNumber+JBBAdditions.h in Headers */ = {isa = PBXBuildFile; fileRef = 1731EB3E0EABFFA400115B0C /* NSDecimalNumber+JBBAdditions.h */; };
		1731EB410EABFFA400115B0C /* NSDecimalNumber+JBBAdditions.m in Sources */ = {isa = PBXBuildFile; fileRef = 1731EB3F0EABFFA400115B0C /* NSDecimalNumber+JBBAdditions.m */; };
		17AC97240E894A58000D328E /* TagLib.framework in Frameworks */ = {isa = PBXBuildFile; fileRef = 17AC97230E894A58000D328E /* TagLib.framework */; };
		17AC97290E894A8A000D328E /* TagLib.framework in Copy Frameworks */ = {isa = PBXBuildFile; fileRef = 17AC97230E894A58000D328E /* TagLib.framework */; };
		8DC2EF530486A6940098B216 /* InfoPlist.strings in Resources */ = {isa = PBXBuildFile; fileRef = 089C1666FE841158C02AAC07 /* InfoPlist.strings */; };
		8DC2EF570486A6940098B216 /* Cocoa.framework in Frameworks */ = {isa = PBXBuildFile; fileRef = 1058C7B1FEA5585E11CA2CBB /* Cocoa.framework */; };
/* End PBXBuildFile section */

/* Begin PBXBuildRule section */
		176C77CF0D4B928D0069B3BB /* PBXBuildRule */ = {
			isa = PBXBuildRule;
			compilerSpec = com.apple.compilers.gcc.4_2;
			fileType = sourcecode.c;
			isEditable = 1;
			outputFiles = (
			);
		};
/* End PBXBuildRule section */

/* Begin PBXCopyFilesBuildPhase section */
		17F6A5340D4CD6FB00E08DC3 /* Copy Frameworks */ = {
			isa = PBXCopyFilesBuildPhase;
			buildActionMask = 2147483647;
			dstPath = "";
			dstSubfolderSpec = 10;
			files = (
				17AC97290E894A8A000D328E /* TagLib.framework in Copy Frameworks */,
			);
			name = "Copy Frameworks";
			runOnlyForDeploymentPostprocessing = 0;
		};
/* End PBXCopyFilesBuildPhase section */

/* Begin PBXFileReference section */
		0867D69BFE84028FC02AAC07 /* Foundation.framework */ = {isa = PBXFileReference; lastKnownFileType = wrapper.framework; name = Foundation.framework; path = /System/Library/Frameworks/Foundation.framework; sourceTree = "<absolute>"; };
		0867D6A5FE840307C02AAC07 /* AppKit.framework */ = {isa = PBXFileReference; lastKnownFileType = wrapper.framework; name = AppKit.framework; path = /System/Library/Frameworks/AppKit.framework; sourceTree = "<absolute>"; };
		089C1667FE841158C02AAC07 /* English */ = {isa = PBXFileReference; fileEncoding = 10; lastKnownFileType = text.plist.strings; name = English; path = English.lproj/InfoPlist.strings; sourceTree = "<group>"; };
		1058C7B1FEA5585E11CA2CBB /* Cocoa.framework */ = {isa = PBXFileReference; lastKnownFileType = wrapper.framework; name = Cocoa.framework; path = /System/Library/Frameworks/Cocoa.framework; sourceTree = "<absolute>"; };
		170FCE9B0EAA179F005D8E95 /* NSObject+JBBAdditions.h */ = {isa = PBXFileReference; fileEncoding = 4; lastKnownFileType = sourcecode.c.h; path = "NSObject+JBBAdditions.h"; sourceTree = "<group>"; };
		170FCE9C0EAA179F005D8E95 /* NSObject+JBBAdditions.m */ = {isa = PBXFileReference; fileEncoding = 4; lastKnownFileType = sourcecode.c.objc; path = "NSObject+JBBAdditions.m"; sourceTree = "<group>"; };
		170FCEA10EAA1822005D8E95 /* NSArray+JBBAdditions.h */ = {isa = PBXFileReference; fileEncoding = 4; lastKnownFileType = sourcecode.c.h; path = "NSArray+JBBAdditions.h"; sourceTree = "<group>"; };
		170FCEA20EAA1822005D8E95 /* NSArray+JBBAdditions.m */ = {isa = PBXFileReference; fileEncoding = 4; lastKnownFileType = sourcecode.c.objc; path = "NSArray+JBBAdditions.m"; sourceTree = "<group>"; };
		170FCEA70EAB6DA4005D8E95 /* NSDictionary+JBBAdditions.h */ = {isa = PBXFileReference; fileEncoding = 4; lastKnownFileType = sourcecode.c.h; path = "NSDictionary+JBBAdditions.h"; sourceTree = "<group>"; };
		170FCEA80EAB6DA4005D8E95 /* NSDictionary+JBBAdditions.m */ = {isa = PBXFileReference; fileEncoding = 4; lastKnownFileType = sourcecode.c.objc; path = "NSDictionary+JBBAdditions.m"; sourceTree = "<group>"; };
		170FCEAF0EAB7112005D8E95 /* NSString+JBBAdditions.h */ = {isa = PBXFileReference; fileEncoding = 4; lastKnownFileType = sourcecode.c.h; path = "NSString+JBBAdditions.h"; sourceTree = "<group>"; };
		170FCEB00EAB7112005D8E95 /* NSString+JBBAdditions.m */ = {isa = PBXFileReference; fileEncoding = 4; lastKnownFileType = sourcecode.c.objc; path = "NSString+JBBAdditions.m"; sourceTree = "<group>"; };
		170FCEB50EAB7159005D8E95 /* NSValue+JBBAdditions.h */ = {isa = PBXFileReference; fileEncoding = 4; lastKnownFileType = sourcecode.c.h; path = "NSValue+JBBAdditions.h"; sourceTree = "<group>"; };
		170FCEB60EAB7159005D8E95 /* NSValue+JBBAdditions.m */ = {isa = PBXFileReference; fileEncoding = 4; lastKnownFileType = sourcecode.c.objc; path = "NSValue+JBBAdditions.m"; sourceTree = "<group>"; };
		170FCEBB0EAB71D2005D8E95 /* NSData+JBBAdditions.h */ = {isa = PBXFileReference; fileEncoding = 4; lastKnownFileType = sourcecode.c.h; path = "NSData+JBBAdditions.h"; sourceTree = "<group>"; };
		170FCEBC0EAB71D2005D8E95 /* NSData+JBBAdditions.m */ = {isa = PBXFileReference; fileEncoding = 4; lastKnownFileType = sourcecode.c.objc; path = "NSData+JBBAdditions.m"; sourceTree = "<group>"; };
		170FCECA0EAB723A005D8E95 /* NSAppleEventDescriptor+JBBAdditions.h */ = {isa = PBXFileReference; fileEncoding = 4; lastKnownFileType = sourcecode.c.h; path = "NSAppleEventDescriptor+JBBAdditions.h"; sourceTree = "<group>"; };
		170FCECB0EAB723A005D8E95 /* NSAppleEventDescriptor+JBBAdditions.m */ = {isa = PBXFileReference; fileEncoding = 4; lastKnownFileType = sourcecode.c.objc; path = "NSAppleEventDescriptor+JBBAdditions.m"; sourceTree = "<group>"; };
		170FCED00EAB7280005D8E95 /* JBBID3Tag.h */ = {isa = PBXFileReference; explicitFileType = sourcecode.c.h; fileEncoding = 4; path = JBBID3Tag.h; sourceTree = "<group>"; };
		170FCED10EAB7280005D8E95 /* JBBID3Tag.mm */ = {isa = PBXFileReference; fileEncoding = 4; lastKnownFileType = sourcecode.cpp.objcpp; path = JBBID3Tag.mm; sourceTree = "<group>"; };
		17302ABA0D5BA00B005817E3 /* JBBAdditions.h */ = {isa = PBXFileReference; fileEncoding = 4; indentWidth = 2; lastKnownFileType = sourcecode.c.h; path = JBBAdditions.h; sourceTree = "<group>"; tabWidth = 8; usesTabs = 0; };
		1731EB300EABF28D00115B0C /* NSNumber+JBBAdditions.h */ = {isa = PBXFileReference; fileEncoding = 4; lastKnownFileType = sourcecode.c.h; path = "NSNumber+JBBAdditions.h"; sourceTree = "<group>"; };
		1731EB310EABF28D00115B0C /* NSNumber+JBBAdditions.m */ = {isa = PBXFileReference; fileEncoding = 4; lastKnownFileType = sourcecode.c.objc; path = "NSNumber+JBBAdditions.m"; sourceTree = "<group>"; };
		1731EB360EABF7E800115B0C /* NSXMLElement+JBBAdditions.h */ = {isa = PBXFileReference; fileEncoding = 4; lastKnownFileType = sourcecode.c.h; path = "NSXMLElement+JBBAdditions.h"; sourceTree = "<group>"; };
		1731EB370EABF7E800115B0C /* NSXMLElement+JBBAdditions.m */ = {isa = PBXFileReference; fileEncoding = 4; lastKnownFileType = sourcecode.c.objc; path = "NSXMLElement+JBBAdditions.m"; sourceTree = "<group>"; };
		1731EB3E0EABFFA400115B0C /* NSDecimalNumber+JBBAdditions.h */ = {isa = PBXFileReference; fileEncoding = 4; lastKnownFileType = sourcecode.c.h; path = "NSDecimalNumber+JBBAdditions.h"; sourceTree = "<group>"; };
		1731EB3F0EABFFA400115B0C /* NSDecimalNumber+JBBAdditions.m */ = {isa = PBXFileReference; fileEncoding = 4; lastKnownFileType = sourcecode.c.objc; path = "NSDecimalNumber+JBBAdditions.m"; sourceTree = "<group>"; };
		17AC97230E894A58000D328E /* TagLib.framework */ = {isa = PBXFileReference; lastKnownFileType = wrapper.framework; path = TagLib.framework; sourceTree = "<group>"; };
		32DBCF5E0370ADEE00C91783 /* JBBAdditions_Prefix.pch */ = {isa = PBXFileReference; fileEncoding = 4; lastKnownFileType = sourcecode.c.h; path = JBBAdditions_Prefix.pch; sourceTree = "<group>"; };
		8DC2EF5A0486A6940098B216 /* Info.plist */ = {isa = PBXFileReference; fileEncoding = 4; lastKnownFileType = text.plist.xml; path = Info.plist; sourceTree = "<group>"; };
		8DC2EF5B0486A6940098B216 /* JBBAdditions.framework */ = {isa = PBXFileReference; explicitFileType = wrapper.framework; includeInIndex = 0; path = JBBAdditions.framework; sourceTree = BUILT_PRODUCTS_DIR; };
		D2F7E79907B2D74100F64583 /* CoreData.framework */ = {isa = PBXFileReference; lastKnownFileType = wrapper.framework; name = CoreData.framework; path = /System/Library/Frameworks/CoreData.framework; sourceTree = "<absolute>"; };
/* End PBXFileReference section */

/* Begin PBXFrameworksBuildPhase section */
		8DC2EF560486A6940098B216 /* Frameworks */ = {
			isa = PBXFrameworksBuildPhase;
			buildActionMask = 2147483647;
			files = (
				8DC2EF570486A6940098B216 /* Cocoa.framework in Frameworks */,
				17AC97240E894A58000D328E /* TagLib.framework in Frameworks */,
			);
			runOnlyForDeploymentPostprocessing = 0;
		};
/* End PBXFrameworksBuildPhase section */

/* Begin PBXGroup section */
		034768DFFF38A50411DB9C8B /* Products */ = {
			isa = PBXGroup;
			children = (
				8DC2EF5B0486A6940098B216 /* JBBAdditions.framework */,
			);
			name = Products;
			sourceTree = "<group>";
		};
		0867D691FE84028FC02AAC07 /* JBBFSAdditions */ = {
			isa = PBXGroup;
			children = (
				17AC97230E894A58000D328E /* TagLib.framework */,
				08FB77AEFE84172EC02AAC07 /* Classes */,
				32C88DFF0371C24200C91783 /* Other Sources */,
				089C1665FE841158C02AAC07 /* Resources */,
				0867D69AFE84028FC02AAC07 /* External Frameworks and Libraries */,
				034768DFFF38A50411DB9C8B /* Products */,
			);
			name = JBBFSAdditions;
			sourceTree = "<group>";
		};
		0867D69AFE84028FC02AAC07 /* External Frameworks and Libraries */ = {
			isa = PBXGroup;
			children = (
				1058C7B0FEA5585E11CA2CBB /* Linked Frameworks */,
				1058C7B2FEA5585E11CA2CBB /* Other Frameworks */,
			);
			name = "External Frameworks and Libraries";
			sourceTree = "<group>";
		};
		089C1665FE841158C02AAC07 /* Resources */ = {
			isa = PBXGroup;
			children = (
				8DC2EF5A0486A6940098B216 /* Info.plist */,
				089C1666FE841158C02AAC07 /* InfoPlist.strings */,
			);
			name = Resources;
			sourceTree = "<group>";
		};
		08FB77AEFE84172EC02AAC07 /* Classes */ = {
			isa = PBXGroup;
			children = (
				1731EB3E0EABFFA400115B0C /* NSDecimalNumber+JBBAdditions.h */,
				1731EB3F0EABFFA400115B0C /* NSDecimalNumber+JBBAdditions.m */,
				1731EB360EABF7E800115B0C /* NSXMLElement+JBBAdditions.h */,
				1731EB370EABF7E800115B0C /* NSXMLElement+JBBAdditions.m */,
				1731EB300EABF28D00115B0C /* NSNumber+JBBAdditions.h */,
				1731EB310EABF28D00115B0C /* NSNumber+JBBAdditions.m */,
				170FCED00EAB7280005D8E95 /* JBBID3Tag.h */,
				170FCED10EAB7280005D8E95 /* JBBID3Tag.mm */,
				170FCEBB0EAB71D2005D8E95 /* NSData+JBBAdditions.h */,
				170FCEBC0EAB71D2005D8E95 /* NSData+JBBAdditions.m */,
				170FCEB50EAB7159005D8E95 /* NSValue+JBBAdditions.h */,
				170FCEB60EAB7159005D8E95 /* NSValue+JBBAdditions.m */,
				170FCEAF0EAB7112005D8E95 /* NSString+JBBAdditions.h */,
				170FCEB00EAB7112005D8E95 /* NSString+JBBAdditions.m */,
				170FCEA70EAB6DA4005D8E95 /* NSDictionary+JBBAdditions.h */,
				170FCEA80EAB6DA4005D8E95 /* NSDictionary+JBBAdditions.m */,
				170FCEA10EAA1822005D8E95 /* NSArray+JBBAdditions.h */,
				170FCEA20EAA1822005D8E95 /* NSArray+JBBAdditions.m */,
				170FCE9B0EAA179F005D8E95 /* NSObject+JBBAdditions.h */,
				170FCE9C0EAA179F005D8E95 /* NSObject+JBBAdditions.m */,
				17302ABA0D5BA00B005817E3 /* JBBAdditions.h */,
				170FCECA0EAB723A005D8E95 /* NSAppleEventDescriptor+JBBAdditions.h */,
				170FCECB0EAB723A005D8E95 /* NSAppleEventDescriptor+JBBAdditions.m */,
			);
			name = Classes;
			sourceTree = "<group>";
		};
		1058C7B0FEA5585E11CA2CBB /* Linked Frameworks */ = {
			isa = PBXGroup;
			children = (
				1058C7B1FEA5585E11CA2CBB /* Cocoa.framework */,
			);
			name = "Linked Frameworks";
			sourceTree = "<group>";
		};
		1058C7B2FEA5585E11CA2CBB /* Other Frameworks */ = {
			isa = PBXGroup;
			children = (
				0867D6A5FE840307C02AAC07 /* AppKit.framework */,
				D2F7E79907B2D74100F64583 /* CoreData.framework */,
				0867D69BFE84028FC02AAC07 /* Foundation.framework */,
			);
			name = "Other Frameworks";
			sourceTree = "<group>";
		};
		32C88DFF0371C24200C91783 /* Other Sources */ = {
			isa = PBXGroup;
			children = (
				32DBCF5E0370ADEE00C91783 /* JBBAdditions_Prefix.pch */,
			);
			name = "Other Sources";
			sourceTree = "<group>";
		};
/* End PBXGroup section */

/* Begin PBXHeadersBuildPhase section */
		8DC2EF500486A6940098B216 /* Headers */ = {
			isa = PBXHeadersBuildPhase;
			buildActionMask = 2147483647;
			files = (
				17302ABB0D5BA00B005817E3 /* JBBAdditions.h in Headers */,
				170FCE9D0EAA179F005D8E95 /* NSObject+JBBAdditions.h in Headers */,
				170FCEA30EAA1822005D8E95 /* NSArray+JBBAdditions.h in Headers */,
				170FCEA90EAB6DA4005D8E95 /* NSDictionary+JBBAdditions.h in Headers */,
				170FCEB10EAB7112005D8E95 /* NSString+JBBAdditions.h in Headers */,
				170FCEB70EAB7159005D8E95 /* NSValue+JBBAdditions.h in Headers */,
				170FCEBD0EAB71D2005D8E95 /* NSData+JBBAdditions.h in Headers */,
				170FCECC0EAB723A005D8E95 /* NSAppleEventDescriptor+JBBAdditions.h in Headers */,
				170FCED20EAB7280005D8E95 /* JBBID3Tag.h in Headers */,
				1731EB320EABF28D00115B0C /* NSNumber+JBBAdditions.h in Headers */,
				1731EB380EABF7E800115B0C /* NSXMLElement+JBBAdditions.h in Headers */,
				1731EB400EABFFA400115B0C /* NSDecimalNumber+JBBAdditions.h in Headers */,
			);
			runOnlyForDeploymentPostprocessing = 0;
		};
/* End PBXHeadersBuildPhase section */

/* Begin PBXNativeTarget section */
		8DC2EF4F0486A6940098B216 /* JBBAdditions */ = {
			isa = PBXNativeTarget;
			buildConfigurationList = 1DEB91AD08733DA50010E9CD /* Build configuration list for PBXNativeTarget "JBBAdditions" */;
			buildPhases = (
				8DC2EF500486A6940098B216 /* Headers */,
				8DC2EF520486A6940098B216 /* Resources */,
				8DC2EF540486A6940098B216 /* Sources */,
				8DC2EF560486A6940098B216 /* Frameworks */,
				17F6A5340D4CD6FB00E08DC3 /* Copy Frameworks */,
				175B28440E9E9ED800F3FA91 /* Symlink Frameworks */,
				175B28530E9EA74500F3FA91 /* Fix Broken Sub-Frameworks */,
			);
			buildRules = (
				176C77CF0D4B928D0069B3BB /* PBXBuildRule */,
			);
			dependencies = (
			);
			name = JBBAdditions;
			productInstallPath = "$(HOME)/Library/Frameworks";
			productName = JBBFSAdditions;
			productReference = 8DC2EF5B0486A6940098B216 /* JBBAdditions.framework */;
			productType = "com.apple.product-type.framework";
		};
/* End PBXNativeTarget section */

/* Begin PBXProject section */
		0867D690FE84028FC02AAC07 /* Project object */ = {
			isa = PBXProject;
			buildConfigurationList = 1DEB91B108733DA50010E9CD /* Build configuration list for PBXProject "JBBAdditions" */;
			compatibilityVersion = "Xcode 3.1";
			hasScannedForEncodings = 1;
			mainGroup = 0867D691FE84028FC02AAC07 /* JBBFSAdditions */;
			productRefGroup = 034768DFFF38A50411DB9C8B /* Products */;
			projectDirPath = "";
			projectRoot = "";
			targets = (
				8DC2EF4F0486A6940098B216 /* JBBAdditions */,
			);
		};
/* End PBXProject section */

/* Begin PBXResourcesBuildPhase section */
		8DC2EF520486A6940098B216 /* Resources */ = {
			isa = PBXResourcesBuildPhase;
			buildActionMask = 2147483647;
			files = (
				8DC2EF530486A6940098B216 /* InfoPlist.strings in Resources */,
			);
			runOnlyForDeploymentPostprocessing = 0;
		};
/* End PBXResourcesBuildPhase section */

/* Begin PBXShellScriptBuildPhase section */
		175B28440E9E9ED800F3FA91 /* Symlink Frameworks */ = {
			isa = PBXShellScriptBuildPhase;
			buildActionMask = 2147483647;
			files = (
			);
			inputPaths = (
			);
			name = "Symlink Frameworks";
			outputPaths = (
			);
			runOnlyForDeploymentPostprocessing = 0;
			shellPath = /bin/sh;
			shellScript = "ln -sf Versions/Current/Frameworks \"${BUILT_PRODUCTS_DIR}/${WRAPPER_NAME}/Frameworks\"";
			showEnvVarsInLog = 0;
		};
		175B28530E9EA74500F3FA91 /* Fix Broken Sub-Frameworks */ = {
			isa = PBXShellScriptBuildPhase;
			buildActionMask = 2147483647;
			files = (
			);
			inputPaths = (
			);
			name = "Fix Broken Sub-Frameworks";
			outputPaths = (
			);
			runOnlyForDeploymentPostprocessing = 0;
			shellPath = /bin/sh;
			shellScript = "for LOOP in TagLib; do\n  FRAMEWORK_LIB_PATH=$(otool -DX \"${BUILT_PRODUCTS_DIR}/${WRAPPER_NAME}/Frameworks/${LOOP}.framework/${LOOP}\" | awk -v FRAMEWORK_SEP=\"${LOOP}.framework\" 'BEGIN { FS = FRAMEWORK_SEP } { print $2 }')\n  OLD_ID=$(otool -DX \"${BUILT_PRODUCTS_DIR}/${WRAPPER_NAME}/Frameworks/${LOOP}.framework/${LOOP}\")\n  NEW_ID=\"@loader_path/Frameworks/${LOOP}.framework${FRAMEWORK_LIB_PATH}\"\n  install_name_tool -change \"${OLD_ID}\" \"${NEW_ID}\" \"${BUILT_PRODUCTS_DIR}/${WRAPPER_NAME}/${PRODUCT_NAME}\"\ndone";
			showEnvVarsInLog = 0;
		};
/* End PBXShellScriptBuildPhase section */

/* Begin PBXSourcesBuildPhase section */
		8DC2EF540486A6940098B216 /* Sources */ = {
			isa = PBXSourcesBuildPhase;
			buildActionMask = 2147483647;
			files = (
				170FCE9E0EAA179F005D8E95 /* NSObject+JBBAdditions.m in Sources */,
				170FCEA40EAA1822005D8E95 /* NSArray+JBBAdditions.m in Sources */,
				170FCEAA0EAB6DA4005D8E95 /* NSDictionary+JBBAdditions.m in Sources */,
				170FCEB20EAB7112005D8E95 /* NSString+JBBAdditions.m in Sources */,
				170FCEB80EAB7159005D8E95 /* NSValue+JBBAdditions.m in Sources */,
				170FCEBE0EAB71D2005D8E95 /* NSData+JBBAdditions.m in Sources */,
				170FCECD0EAB723A005D8E95 /* NSAppleEventDescriptor+JBBAdditions.m in Sources */,
				170FCED30EAB7280005D8E95 /* JBBID3Tag.mm in Sources */,
				1731EB330EABF28D00115B0C /* NSNumber+JBBAdditions.m in Sources */,
				1731EB390EABF7E800115B0C /* NSXMLElement+JBBAdditions.m in Sources */,
				1731EB410EABFFA400115B0C /* NSDecimalNumber+JBBAdditions.m in Sources */,
			);
			runOnlyForDeploymentPostprocessing = 0;
		};
/* End PBXSourcesBuildPhase section */

/* Begin PBXVariantGroup section */
		089C1666FE841158C02AAC07 /* InfoPlist.strings */ = {
			isa = PBXVariantGroup;
			children = (
				089C1667FE841158C02AAC07 /* English */,
			);
			name = InfoPlist.strings;
			sourceTree = "<group>";
		};
/* End PBXVariantGroup section */

/* Begin XCBuildConfiguration section */
		1DEB91AE08733DA50010E9CD /* Debug */ = {
			isa = XCBuildConfiguration;
			buildSettings = {
				COPY_PHASE_STRIP = NO;
				DYLIB_COMPATIBILITY_VERSION = 1;
				DYLIB_CURRENT_VERSION = 1;
				FRAMEWORK_SEARCH_PATHS = (
					"$(inherited)",
					"\"$(SRCROOT)\"",
				);
				FRAMEWORK_VERSION = A;
				GCC_DYNAMIC_NO_PIC = NO;
				GCC_ENABLE_FIX_AND_CONTINUE = YES;
				GCC_MODEL_TUNING = G5;
				GCC_OPTIMIZATION_LEVEL = 0;
				GCC_PRECOMPILE_PREFIX_HEADER = YES;
				GCC_PREFIX_HEADER = JBBFSAdditions_Prefix.pch;
				INFOPLIST_FILE = Info.plist;
				INSTALL_PATH = "$(HOME)/Library/Frameworks";
				PRODUCT_NAME = JBBFSAdditions;
				WRAPPER_EXTENSION = framework;
				ZERO_LINK = YES;
			};
			name = Debug;
		};
		1DEB91AF08733DA50010E9CD /* Release */ = {
			isa = XCBuildConfiguration;
			buildSettings = {
				DEBUG_INFORMATION_FORMAT = "dwarf-with-dsym";
				DYLIB_COMPATIBILITY_VERSION = 1;
				DYLIB_CURRENT_VERSION = 1;
				FRAMEWORK_SEARCH_PATHS = (
					"$(inherited)",
					"\"$(SRCROOT)\"",
				);
				FRAMEWORK_VERSION = A;
				GCC_MODEL_TUNING = G5;
				GCC_PRECOMPILE_PREFIX_HEADER = YES;
				GCC_PREFIX_HEADER = JBBAdditions_Prefix.pch;
				GCC_PREPROCESSOR_DEFINITIONS = NDEBUG;
				INFOPLIST_FILE = Info.plist;
				INSTALL_PATH = "@rpath";
				LD_RUNPATH_SEARCH_PATHS = "";
				"OTHER_CFLAGS[arch=i386]" = "-march=core2";
				"OTHER_CFLAGS[arch=ppc64]" = "";
				"OTHER_CFLAGS[arch=ppc]" = "";
				"OTHER_CFLAGS[arch=x86_64]" = "-march=core2";
				"OTHER_CPLUSPLUSFLAGS[arch=i386]" = "$(OTHER_CFLAGS)";
				"OTHER_CPLUSPLUSFLAGS[arch=ppc64]" = "$(OTHER_CFLAGS)";
				"OTHER_CPLUSPLUSFLAGS[arch=ppc]" = "$(OTHER_CFLAGS)";
				"OTHER_CPLUSPLUSFLAGS[arch=x86_64]" = "$(OTHER_CFLAGS)";
				OTHER_LDFLAGS = (
					"-headerpad_max_install_names",
					"-sub_umbrella",
					TagLib,
				);
				PRODUCT_NAME = JBBAdditions;
				SKIP_INSTALL = YES;
				WRAPPER_EXTENSION = framework;
			};
			name = Release;
		};
		1DEB91B208733DA50010E9CD /* Debug */ = {
			isa = XCBuildConfiguration;
			buildSettings = {
				GCC_WARN_ABOUT_RETURN_TYPE = YES;
				GCC_WARN_UNUSED_VARIABLE = YES;
				PREBINDING = NO;
				SDKROOT = macosx10.5;
			};
			name = Debug;
		};
		1DEB91B308733DA50010E9CD /* Release */ = {
			isa = XCBuildConfiguration;
			buildSettings = {
				ARCHS = "$(ARCHS_STANDARD_32_BIT)";
				GCC_ALTIVEC_EXTENSIONS = YES;
				GCC_AUTO_VECTORIZATION = YES;
				GCC_ENABLE_OBJC_GC = supported;
				GCC_ENABLE_SSE3_EXTENSIONS = YES;
				GCC_ENABLE_SUPPLEMENTAL_SSE3_INSTRUCTIONS = YES;
				GCC_MODEL_PPC64 = YES;
				GCC_MODEL_TUNING = G5;
				GCC_OBJC_CALL_CXX_CDTORS = YES;
				GCC_OPTIMIZATION_LEVEL = 3;
				GCC_UNROLL_LOOPS = NO;
				GCC_WARN_ABOUT_RETURN_TYPE = YES;
				GCC_WARN_UNUSED_VARIABLE = YES;
				LD_RUNPATH_SEARCH_PATHS = "";
				PREBINDING = NO;
				SDKROOT = macosx10.5;
			};
			name = Release;
		};
/* End XCBuildConfiguration section */

/* Begin XCConfigurationList section */
		1DEB91AD08733DA50010E9CD /* Build configuration list for PBXNativeTarget "JBBAdditions" */ = {
			isa = XCConfigurationList;
			buildConfigurations = (
				1DEB91AE08733DA50010E9CD /* Debug */,
				1DEB91AF08733DA50010E9CD /* Release */,
			);
			defaultConfigurationIsVisible = 0;
			defaultConfigurationName = Release;
		};
		1DEB91B108733DA50010E9CD /* Build configuration list for PBXProject "JBBAdditions" */ = {
			isa = XCConfigurationList;
			buildConfigurations = (
				1DEB91B208733DA50010E9CD /* Debug */,
				1DEB91B308733DA50010E9CD /* Release */,
			);
			defaultConfigurationIsVisible = 0;
			defaultConfigurationName = Release;
		};
/* End XCConfigurationList section */
	};
	rootObject = 0867D690FE84028FC02AAC07 /* Project object */;
}
