// !$*UTF8*$!
{
	archiveVersion = 1;
	classes = {
	};
	objectVersion = 46;
	objects = {

/* Begin PBXBuildFile section */
		17018D8C114593D2005031A2 /* JBBInvocationProxy.h in Headers */ = {isa = PBXBuildFile; fileRef = 17018D8A114593D2005031A2 /* JBBInvocationProxy.h */; settings = {ATTRIBUTES = (Public, ); }; };
		17018D8D114593D2005031A2 /* JBBInvocationProxy.m in Sources */ = {isa = PBXBuildFile; fileRef = 17018D8B114593D2005031A2 /* JBBInvocationProxy.m */; };
		170FCEA30EAA1822005D8E95 /* NSArray+JBBAdditions.h in Headers */ = {isa = PBXBuildFile; fileRef = 170FCEA10EAA1822005D8E95 /* NSArray+JBBAdditions.h */; settings = {ATTRIBUTES = (Public, ); }; };
		170FCEA40EAA1822005D8E95 /* NSArray+JBBAdditions.m in Sources */ = {isa = PBXBuildFile; fileRef = 170FCEA20EAA1822005D8E95 /* NSArray+JBBAdditions.m */; };
		170FCEA90EAB6DA4005D8E95 /* NSDictionary+JBBAdditions.h in Headers */ = {isa = PBXBuildFile; fileRef = 170FCEA70EAB6DA4005D8E95 /* NSDictionary+JBBAdditions.h */; settings = {ATTRIBUTES = (Public, ); }; };
		170FCEAA0EAB6DA4005D8E95 /* NSDictionary+JBBAdditions.m in Sources */ = {isa = PBXBuildFile; fileRef = 170FCEA80EAB6DA4005D8E95 /* NSDictionary+JBBAdditions.m */; };
		170FCEB10EAB7112005D8E95 /* NSString+JBBAdditions.h in Headers */ = {isa = PBXBuildFile; fileRef = 170FCEAF0EAB7112005D8E95 /* NSString+JBBAdditions.h */; settings = {ATTRIBUTES = (Public, ); }; };
		170FCEB20EAB7112005D8E95 /* NSString+JBBAdditions.m in Sources */ = {isa = PBXBuildFile; fileRef = 170FCEB00EAB7112005D8E95 /* NSString+JBBAdditions.m */; };
		171B1772113DB7EA00BE0FEA /* JBB_C_Functions.h in Headers */ = {isa = PBXBuildFile; fileRef = 171B1770113DB7EA00BE0FEA /* JBB_C_Functions.h */; settings = {ATTRIBUTES = (Public, ); }; };
		171B1773113DB7EA00BE0FEA /* JBB_C_Functions.m in Sources */ = {isa = PBXBuildFile; fileRef = 171B1771113DB7EA00BE0FEA /* JBB_C_Functions.m */; };
		17302ABB0D5BA00B005817E3 /* JBBAdditions.h in Headers */ = {isa = PBXBuildFile; fileRef = 17302ABA0D5BA00B005817E3 /* JBBAdditions.h */; settings = {ATTRIBUTES = (Public, ); }; };
		1731EB380EABF7E800115B0C /* NSXMLElement+JBBAdditions.h in Headers */ = {isa = PBXBuildFile; fileRef = 1731EB360EABF7E800115B0C /* NSXMLElement+JBBAdditions.h */; settings = {ATTRIBUTES = (Public, ); }; };
		1731EB390EABF7E800115B0C /* NSXMLElement+JBBAdditions.m in Sources */ = {isa = PBXBuildFile; fileRef = 1731EB370EABF7E800115B0C /* NSXMLElement+JBBAdditions.m */; };
		1738CA0E0ECCDD450083B579 /* NSDecimalNumber+JBBAdditions.h in Headers */ = {isa = PBXBuildFile; fileRef = 1738CA0C0ECCDD450083B579 /* NSDecimalNumber+JBBAdditions.h */; settings = {ATTRIBUTES = (Public, ); }; };
		1738CA0F0ECCDD450083B579 /* NSDecimalNumber+JBBAdditions.m in Sources */ = {isa = PBXBuildFile; fileRef = 1738CA0D0ECCDD450083B579 /* NSDecimalNumber+JBBAdditions.m */; };
		1738CAB40ECD03FA0083B579 /* NSNumber+JBBAdditions.h in Headers */ = {isa = PBXBuildFile; fileRef = 1738CAB20ECD03FA0083B579 /* NSNumber+JBBAdditions.h */; settings = {ATTRIBUTES = (Public, ); }; };
		1738CAB50ECD03FA0083B579 /* NSNumber+JBBAdditions.m in Sources */ = {isa = PBXBuildFile; fileRef = 1738CAB30ECD03FA0083B579 /* NSNumber+JBBAdditions.m */; };
		178A9CF8110B3952000BDC76 /* NSObject+JBBAdditions.h in Headers */ = {isa = PBXBuildFile; fileRef = 178A9CF6110B3952000BDC76 /* NSObject+JBBAdditions.h */; settings = {ATTRIBUTES = (Public, ); }; };
		178A9CF9110B3952000BDC76 /* NSObject+JBBAdditions.m in Sources */ = {isa = PBXBuildFile; fileRef = 178A9CF7110B3952000BDC76 /* NSObject+JBBAdditions.m */; };
		179484E00EAD2F1700F40AB2 /* NSImage+JBBAdditions.h in Headers */ = {isa = PBXBuildFile; fileRef = 179484DE0EAD2F1700F40AB2 /* NSImage+JBBAdditions.h */; settings = {ATTRIBUTES = (Public, ); }; };
		179484E10EAD2F1700F40AB2 /* NSImage+JBBAdditions.m in Sources */ = {isa = PBXBuildFile; fileRef = 179484DF0EAD2F1700F40AB2 /* NSImage+JBBAdditions.m */; };
		17AC37B4110FE9BC003D1F3A /* NSData+JBBAdditions.h in Headers */ = {isa = PBXBuildFile; fileRef = 17AC37B2110FE9BC003D1F3A /* NSData+JBBAdditions.h */; settings = {ATTRIBUTES = (Public, ); }; };
		17AC37B5110FE9BC003D1F3A /* NSData+JBBAdditions.m in Sources */ = {isa = PBXBuildFile; fileRef = 17AC37B3110FE9BC003D1F3A /* NSData+JBBAdditions.m */; };
		17F37900113ECF9100A60C22 /* JBBTypes.h in Headers */ = {isa = PBXBuildFile; fileRef = 17F378FF113ECF9100A60C22 /* JBBTypes.h */; settings = {ATTRIBUTES = (Public, ); }; };
		8DC2EF530486A6940098B216 /* InfoPlist.strings in Resources */ = {isa = PBXBuildFile; fileRef = 089C1666FE841158C02AAC07 /* InfoPlist.strings */; };
		8DC2EF570486A6940098B216 /* Cocoa.framework in Frameworks */ = {isa = PBXBuildFile; fileRef = 1058C7B1FEA5585E11CA2CBB /* Cocoa.framework */; };
/* End PBXBuildFile section */

/* Begin PBXBuildRule section */
		176C77CF0D4B928D0069B3BB /* PBXBuildRule */ = {
			isa = PBXBuildRule;
			compilerSpec = com.apple.compilers.gcc.4_2;
			fileType = sourcecode.c;
			isEditable = 1;
			outputFiles = (
			);
		};
/* End PBXBuildRule section */

/* Begin PBXFileReference section */
		0867D69BFE84028FC02AAC07 /* Foundation.framework */ = {isa = PBXFileReference; lastKnownFileType = wrapper.framework; name = Foundation.framework; path = /System/Library/Frameworks/Foundation.framework; sourceTree = "<absolute>"; };
		089C1667FE841158C02AAC07 /* English */ = {isa = PBXFileReference; fileEncoding = 10; lastKnownFileType = text.plist.strings; name = English; path = English.lproj/InfoPlist.strings; sourceTree = "<group>"; };
		1058C7B1FEA5585E11CA2CBB /* Cocoa.framework */ = {isa = PBXFileReference; lastKnownFileType = wrapper.framework; name = Cocoa.framework; path = /System/Library/Frameworks/Cocoa.framework; sourceTree = "<absolute>"; };
		17018D8A114593D2005031A2 /* JBBInvocationProxy.h */ = {isa = PBXFileReference; fileEncoding = 4; lastKnownFileType = sourcecode.c.h; path = JBBInvocationProxy.h; sourceTree = "<group>"; };
		17018D8B114593D2005031A2 /* JBBInvocationProxy.m */ = {isa = PBXFileReference; fileEncoding = 4; lastKnownFileType = sourcecode.c.objc; path = JBBInvocationProxy.m; sourceTree = "<group>"; };
		170FCEA10EAA1822005D8E95 /* NSArray+JBBAdditions.h */ = {isa = PBXFileReference; fileEncoding = 4; lastKnownFileType = sourcecode.c.h; path = "NSArray+JBBAdditions.h"; sourceTree = "<group>"; };
		170FCEA20EAA1822005D8E95 /* NSArray+JBBAdditions.m */ = {isa = PBXFileReference; fileEncoding = 4; lastKnownFileType = sourcecode.c.objc; path = "NSArray+JBBAdditions.m"; sourceTree = "<group>"; };
		170FCEA70EAB6DA4005D8E95 /* NSDictionary+JBBAdditions.h */ = {isa = PBXFileReference; fileEncoding = 4; lastKnownFileType = sourcecode.c.h; path = "NSDictionary+JBBAdditions.h"; sourceTree = "<group>"; };
		170FCEA80EAB6DA4005D8E95 /* NSDictionary+JBBAdditions.m */ = {isa = PBXFileReference; fileEncoding = 4; lastKnownFileType = sourcecode.c.objc; path = "NSDictionary+JBBAdditions.m"; sourceTree = "<group>"; };
		170FCEAF0EAB7112005D8E95 /* NSString+JBBAdditions.h */ = {isa = PBXFileReference; fileEncoding = 4; lastKnownFileType = sourcecode.c.h; path = "NSString+JBBAdditions.h"; sourceTree = "<group>"; };
		170FCEB00EAB7112005D8E95 /* NSString+JBBAdditions.m */ = {isa = PBXFileReference; fileEncoding = 4; lastKnownFileType = sourcecode.c.objc; path = "NSString+JBBAdditions.m"; sourceTree = "<group>"; };
		171B1770113DB7EA00BE0FEA /* JBB_C_Functions.h */ = {isa = PBXFileReference; fileEncoding = 4; lastKnownFileType = sourcecode.c.h; path = JBB_C_Functions.h; sourceTree = "<group>"; };
		171B1771113DB7EA00BE0FEA /* JBB_C_Functions.m */ = {isa = PBXFileReference; fileEncoding = 4; lastKnownFileType = sourcecode.c.objc; path = JBB_C_Functions.m; sourceTree = "<group>"; };
		17302ABA0D5BA00B005817E3 /* JBBAdditions.h */ = {isa = PBXFileReference; fileEncoding = 4; indentWidth = 2; lastKnownFileType = sourcecode.c.h; path = JBBAdditions.h; sourceTree = "<group>"; tabWidth = 8; usesTabs = 0; };
		1731EB360EABF7E800115B0C /* NSXMLElement+JBBAdditions.h */ = {isa = PBXFileReference; fileEncoding = 4; lastKnownFileType = sourcecode.c.h; path = "NSXMLElement+JBBAdditions.h"; sourceTree = "<group>"; };
		1731EB370EABF7E800115B0C /* NSXMLElement+JBBAdditions.m */ = {isa = PBXFileReference; fileEncoding = 4; lastKnownFileType = sourcecode.c.objc; path = "NSXMLElement+JBBAdditions.m"; sourceTree = "<group>"; };
		1738CA0C0ECCDD450083B579 /* NSDecimalNumber+JBBAdditions.h */ = {isa = PBXFileReference; fileEncoding = 4; lastKnownFileType = sourcecode.c.h; path = "NSDecimalNumber+JBBAdditions.h"; sourceTree = "<group>"; };
		1738CA0D0ECCDD450083B579 /* NSDecimalNumber+JBBAdditions.m */ = {isa = PBXFileReference; fileEncoding = 4; lastKnownFileType = sourcecode.c.objc; path = "NSDecimalNumber+JBBAdditions.m"; sourceTree = "<group>"; };
		1738CAB20ECD03FA0083B579 /* NSNumber+JBBAdditions.h */ = {isa = PBXFileReference; fileEncoding = 4; lastKnownFileType = sourcecode.c.h; path = "NSNumber+JBBAdditions.h"; sourceTree = "<group>"; };
		1738CAB30ECD03FA0083B579 /* NSNumber+JBBAdditions.m */ = {isa = PBXFileReference; fileEncoding = 4; lastKnownFileType = sourcecode.c.objc; path = "NSNumber+JBBAdditions.m"; sourceTree = "<group>"; };
		178A9CF6110B3952000BDC76 /* NSObject+JBBAdditions.h */ = {isa = PBXFileReference; fileEncoding = 4; lastKnownFileType = sourcecode.c.h; path = "NSObject+JBBAdditions.h"; sourceTree = "<group>"; };
		178A9CF7110B3952000BDC76 /* NSObject+JBBAdditions.m */ = {isa = PBXFileReference; fileEncoding = 4; lastKnownFileType = sourcecode.c.objc; path = "NSObject+JBBAdditions.m"; sourceTree = "<group>"; };
		179484DE0EAD2F1700F40AB2 /* NSImage+JBBAdditions.h */ = {isa = PBXFileReference; fileEncoding = 4; lastKnownFileType = sourcecode.c.h; path = "NSImage+JBBAdditions.h"; sourceTree = "<group>"; };
		179484DF0EAD2F1700F40AB2 /* NSImage+JBBAdditions.m */ = {isa = PBXFileReference; fileEncoding = 4; lastKnownFileType = sourcecode.c.objc; path = "NSImage+JBBAdditions.m"; sourceTree = "<group>"; };
		17AC37B2110FE9BC003D1F3A /* NSData+JBBAdditions.h */ = {isa = PBXFileReference; fileEncoding = 4; lastKnownFileType = sourcecode.c.h; path = "NSData+JBBAdditions.h"; sourceTree = "<group>"; };
		17AC37B3110FE9BC003D1F3A /* NSData+JBBAdditions.m */ = {isa = PBXFileReference; fileEncoding = 4; lastKnownFileType = sourcecode.c.objc; path = "NSData+JBBAdditions.m"; sourceTree = "<group>"; };
		17F378FF113ECF9100A60C22 /* JBBTypes.h */ = {isa = PBXFileReference; fileEncoding = 4; lastKnownFileType = sourcecode.c.h; path = JBBTypes.h; sourceTree = "<group>"; };
		32DBCF5E0370ADEE00C91783 /* JBBAdditions_Prefix.pch */ = {isa = PBXFileReference; fileEncoding = 4; lastKnownFileType = sourcecode.c.h; path = JBBAdditions_Prefix.pch; sourceTree = "<group>"; };
		8DC2EF5A0486A6940098B216 /* Info.plist */ = {isa = PBXFileReference; fileEncoding = 4; lastKnownFileType = text.plist.xml; path = Info.plist; sourceTree = "<group>"; };
		8DC2EF5B0486A6940098B216 /* JBBAdditions.framework */ = {isa = PBXFileReference; explicitFileType = wrapper.framework; includeInIndex = 0; path = JBBAdditions.framework; sourceTree = BUILT_PRODUCTS_DIR; };
/* End PBXFileReference section */

/* Begin PBXFrameworksBuildPhase section */
		8DC2EF560486A6940098B216 /* Frameworks */ = {
			isa = PBXFrameworksBuildPhase;
			buildActionMask = 2147483647;
			files = (
				8DC2EF570486A6940098B216 /* Cocoa.framework in Frameworks */,
			);
			runOnlyForDeploymentPostprocessing = 0;
		};
/* End PBXFrameworksBuildPhase section */

/* Begin PBXGroup section */
		034768DFFF38A50411DB9C8B /* Products */ = {
			isa = PBXGroup;
			children = (
				8DC2EF5B0486A6940098B216 /* JBBAdditions.framework */,
			);
			name = Products;
			sourceTree = "<group>";
		};
		0867D691FE84028FC02AAC07 /* JBBFSAdditions */ = {
			isa = PBXGroup;
			children = (
				08FB77AEFE84172EC02AAC07 /* Classes */,
				32C88DFF0371C24200C91783 /* Other Sources */,
				089C1665FE841158C02AAC07 /* Resources */,
				0867D69AFE84028FC02AAC07 /* External Frameworks and Libraries */,
				034768DFFF38A50411DB9C8B /* Products */,
			);
			name = JBBFSAdditions;
			sourceTree = "<group>";
		};
		0867D69AFE84028FC02AAC07 /* External Frameworks and Libraries */ = {
			isa = PBXGroup;
			children = (
				1058C7B0FEA5585E11CA2CBB /* Linked Frameworks */,
				1058C7B2FEA5585E11CA2CBB /* Other Frameworks */,
			);
			name = "External Frameworks and Libraries";
			sourceTree = "<group>";
		};
		089C1665FE841158C02AAC07 /* Resources */ = {
			isa = PBXGroup;
			children = (
				8DC2EF5A0486A6940098B216 /* Info.plist */,
				089C1666FE841158C02AAC07 /* InfoPlist.strings */,
			);
			name = Resources;
			sourceTree = "<group>";
		};
		08FB77AEFE84172EC02AAC07 /* Classes */ = {
			isa = PBXGroup;
			children = (
				17018D8A114593D2005031A2 /* JBBInvocationProxy.h */,
				17018D8B114593D2005031A2 /* JBBInvocationProxy.m */,
				17AC37B2110FE9BC003D1F3A /* NSData+JBBAdditions.h */,
				17AC37B3110FE9BC003D1F3A /* NSData+JBBAdditions.m */,
				178A9CF6110B3952000BDC76 /* NSObject+JBBAdditions.h */,
				178A9CF7110B3952000BDC76 /* NSObject+JBBAdditions.m */,
				17302ABA0D5BA00B005817E3 /* JBBAdditions.h */,
				170FCEA10EAA1822005D8E95 /* NSArray+JBBAdditions.h */,
				170FCEA20EAA1822005D8E95 /* NSArray+JBBAdditions.m */,
				1738CA0C0ECCDD450083B579 /* NSDecimalNumber+JBBAdditions.h */,
				1738CA0D0ECCDD450083B579 /* NSDecimalNumber+JBBAdditions.m */,
				170FCEA70EAB6DA4005D8E95 /* NSDictionary+JBBAdditions.h */,
				170FCEA80EAB6DA4005D8E95 /* NSDictionary+JBBAdditions.m */,
				179484DE0EAD2F1700F40AB2 /* NSImage+JBBAdditions.h */,
				179484DF0EAD2F1700F40AB2 /* NSImage+JBBAdditions.m */,
				1738CAB20ECD03FA0083B579 /* NSNumber+JBBAdditions.h */,
				1738CAB30ECD03FA0083B579 /* NSNumber+JBBAdditions.m */,
				170FCEAF0EAB7112005D8E95 /* NSString+JBBAdditions.h */,
				170FCEB00EAB7112005D8E95 /* NSString+JBBAdditions.m */,
				1731EB360EABF7E800115B0C /* NSXMLElement+JBBAdditions.h */,
				1731EB370EABF7E800115B0C /* NSXMLElement+JBBAdditions.m */,
			);
			name = Classes;
			sourceTree = "<group>";
		};
		1058C7B0FEA5585E11CA2CBB /* Linked Frameworks */ = {
			isa = PBXGroup;
			children = (
				1058C7B1FEA5585E11CA2CBB /* Cocoa.framework */,
			);
			name = "Linked Frameworks";
			sourceTree = "<group>";
		};
		1058C7B2FEA5585E11CA2CBB /* Other Frameworks */ = {
			isa = PBXGroup;
			children = (
				0867D69BFE84028FC02AAC07 /* Foundation.framework */,
			);
			name = "Other Frameworks";
			sourceTree = "<group>";
		};
		32C88DFF0371C24200C91783 /* Other Sources */ = {
			isa = PBXGroup;
			children = (
				17F378FF113ECF9100A60C22 /* JBBTypes.h */,
				171B1770113DB7EA00BE0FEA /* JBB_C_Functions.h */,
				171B1771113DB7EA00BE0FEA /* JBB_C_Functions.m */,
				32DBCF5E0370ADEE00C91783 /* JBBAdditions_Prefix.pch */,
			);
			name = "Other Sources";
			sourceTree = "<group>";
		};
/* End PBXGroup section */

/* Begin PBXHeadersBuildPhase section */
		8DC2EF500486A6940098B216 /* Headers */ = {
			isa = PBXHeadersBuildPhase;
			buildActionMask = 2147483647;
			files = (
				17302ABB0D5BA00B005817E3 /* JBBAdditions.h in Headers */,
				170FCEA30EAA1822005D8E95 /* NSArray+JBBAdditions.h in Headers */,
				170FCEA90EAB6DA4005D8E95 /* NSDictionary+JBBAdditions.h in Headers */,
				170FCEB10EAB7112005D8E95 /* NSString+JBBAdditions.h in Headers */,
				1731EB380EABF7E800115B0C /* NSXMLElement+JBBAdditions.h in Headers */,
				179484E00EAD2F1700F40AB2 /* NSImage+JBBAdditions.h in Headers */,
				1738CA0E0ECCDD450083B579 /* NSDecimalNumber+JBBAdditions.h in Headers */,
				1738CAB40ECD03FA0083B579 /* NSNumber+JBBAdditions.h in Headers */,
				178A9CF8110B3952000BDC76 /* NSObject+JBBAdditions.h in Headers */,
				17AC37B4110FE9BC003D1F3A /* NSData+JBBAdditions.h in Headers */,
				171B1772113DB7EA00BE0FEA /* JBB_C_Functions.h in Headers */,
				17F37900113ECF9100A60C22 /* JBBTypes.h in Headers */,
				17018D8C114593D2005031A2 /* JBBInvocationProxy.h in Headers */,
			);
			runOnlyForDeploymentPostprocessing = 0;
		};
/* End PBXHeadersBuildPhase section */

/* Begin PBXNativeTarget section */
		8DC2EF4F0486A6940098B216 /* JBBAdditions */ = {
			isa = PBXNativeTarget;
			buildConfigurationList = 1DEB91AD08733DA50010E9CD /* Build configuration list for PBXNativeTarget "JBBAdditions" */;
			buildPhases = (
				8DC2EF500486A6940098B216 /* Headers */,
				8DC2EF520486A6940098B216 /* Resources */,
				8DC2EF540486A6940098B216 /* Sources */,
				8DC2EF560486A6940098B216 /* Frameworks */,
				173EDE3010BD022F00A80E02 /* Build BridgeSupport Files */,
			);
			buildRules = (
				176C77CF0D4B928D0069B3BB /* PBXBuildRule */,
			);
			dependencies = (
			);
			name = JBBAdditions;
			productInstallPath = "$(HOME)/Library/Frameworks";
			productName = JBBFSAdditions;
			productReference = 8DC2EF5B0486A6940098B216 /* JBBAdditions.framework */;
			productType = "com.apple.product-type.framework";
		};
/* End PBXNativeTarget section */

/* Begin PBXProject section */
		0867D690FE84028FC02AAC07 /* Project object */ = {
			isa = PBXProject;
			attributes = {
				ORGANIZATIONNAME = "Jordan Breeding";
			};
			buildConfigurationList = 1DEB91B108733DA50010E9CD /* Build configuration list for PBXProject "JBBAdditions" */;
			compatibilityVersion = "Xcode 3.2";
			hasScannedForEncodings = 1;
			mainGroup = 0867D691FE84028FC02AAC07 /* JBBFSAdditions */;
			productRefGroup = 034768DFFF38A50411DB9C8B /* Products */;
			projectDirPath = "";
			projectRoot = "";
			targets = (
				8DC2EF4F0486A6940098B216 /* JBBAdditions */,
			);
		};
/* End PBXProject section */

/* Begin PBXResourcesBuildPhase section */
		8DC2EF520486A6940098B216 /* Resources */ = {
			isa = PBXResourcesBuildPhase;
			buildActionMask = 2147483647;
			files = (
				8DC2EF530486A6940098B216 /* InfoPlist.strings in Resources */,
			);
			runOnlyForDeploymentPostprocessing = 0;
		};
/* End PBXResourcesBuildPhase section */

/* Begin PBXShellScriptBuildPhase section */
		173EDE3010BD022F00A80E02 /* Build BridgeSupport Files */ = {
			isa = PBXShellScriptBuildPhase;
			buildActionMask = 2147483647;
			files = (
			);
			inputPaths = (
			);
			name = "Build BridgeSupport Files";
			outputPaths = (
			);
			runOnlyForDeploymentPostprocessing = 0;
			shellPath = /bin/bash;
			shellScript = "printf \"Building BridgeSupport files...\\n\\n\"\n\nBRIDGE_SUPPORT_DIR=\"Resources/BridgeSupport\"\nBRIDGE_SUPPORT_FILE=\"${BRIDGE_SUPPORT_DIR}/${TARGET_NAME}.bridgesupport\"\n\nif [[ \"${TARGET_BUILD_DIR}/${WRAPPER_NAME}/${TARGET_NAME}\" -nt \"${TARGET_BUILD_DIR}/${WRAPPER_NAME}/${BRIDGE_SUPPORT_FILE}\" ]]; then\n  if [[ ! -d \"${TARGET_BUILD_DIR}/${WRAPPER_NAME}/${BRIDGE_SUPPORT_DIR}\" ]]; then\n    mkdir -p \"${TARGET_BUILD_DIR}/${WRAPPER_NAME}/${BRIDGE_SUPPORT_DIR}\"\n  fi\n  gen_bridge_metadata --64-bit --framework \"${TARGET_BUILD_DIR}/${WRAPPER_NAME}\" -o \"${TARGET_BUILD_DIR}/${WRAPPER_NAME}/${BRIDGE_SUPPORT_FILE}\"\nfi";
			showEnvVarsInLog = 0;
		};
/* End PBXShellScriptBuildPhase section */

/* Begin PBXSourcesBuildPhase section */
		8DC2EF540486A6940098B216 /* Sources */ = {
			isa = PBXSourcesBuildPhase;
			buildActionMask = 2147483647;
			files = (
				170FCEA40EAA1822005D8E95 /* NSArray+JBBAdditions.m in Sources */,
				170FCEAA0EAB6DA4005D8E95 /* NSDictionary+JBBAdditions.m in Sources */,
				170FCEB20EAB7112005D8E95 /* NSString+JBBAdditions.m in Sources */,
				1731EB390EABF7E800115B0C /* NSXMLElement+JBBAdditions.m in Sources */,
				179484E10EAD2F1700F40AB2 /* NSImage+JBBAdditions.m in Sources */,
				1738CA0F0ECCDD450083B579 /* NSDecimalNumber+JBBAdditions.m in Sources */,
				1738CAB50ECD03FA0083B579 /* NSNumber+JBBAdditions.m in Sources */,
				178A9CF9110B3952000BDC76 /* NSObject+JBBAdditions.m in Sources */,
				17AC37B5110FE9BC003D1F3A /* NSData+JBBAdditions.m in Sources */,
				171B1773113DB7EA00BE0FEA /* JBB_C_Functions.m in Sources */,
				17018D8D114593D2005031A2 /* JBBInvocationProxy.m in Sources */,
			);
			runOnlyForDeploymentPostprocessing = 0;
		};
/* End PBXSourcesBuildPhase section */

/* Begin PBXVariantGroup section */
		089C1666FE841158C02AAC07 /* InfoPlist.strings */ = {
			isa = PBXVariantGroup;
			children = (
				089C1667FE841158C02AAC07 /* English */,
			);
			name = InfoPlist.strings;
			sourceTree = "<group>";
		};
/* End PBXVariantGroup section */

/* Begin XCBuildConfiguration section */
		1DEB91AF08733DA50010E9CD /* Release */ = {
			isa = XCBuildConfiguration;
			buildSettings = {
				COPY_PHASE_STRIP = NO;
				DEBUG_INFORMATION_FORMAT = "dwarf-with-dsym";
				DYLIB_COMPATIBILITY_VERSION = 1;
				DYLIB_CURRENT_VERSION = 1;
				FRAMEWORK_SEARCH_PATHS = (
					"$(inherited)",
					"\"$(SRCROOT)\"",
				);
				FRAMEWORK_VERSION = A;
				GCC_PRECOMPILE_PREFIX_HEADER = YES;
				GCC_PREFIX_HEADER = JBBAdditions_Prefix.pch;
				INFOPLIST_FILE = Info.plist;
				INSTALL_PATH = "@rpath";
				PRODUCT_NAME = JBBAdditions;
				SKIP_INSTALL = YES;
				WRAPPER_EXTENSION = framework;
			};
			name = Release;
		};
		1DEB91B308733DA50010E9CD /* Release */ = {
			isa = XCBuildConfiguration;
			buildSettings = {
				ARCHS = (
					x86_64,
					i386,
				);
				GCC_ENABLE_OBJC_GC = supported;
				GCC_ENABLE_SSE3_EXTENSIONS = YES;
				GCC_ENABLE_SUPPLEMENTAL_SSE3_INSTRUCTIONS = YES;
				GCC_OPTIMIZATION_LEVEL = 3;
				GCC_TREAT_WARNINGS_AS_ERRORS = YES;
				GCC_VERSION = com.apple.compilers.llvm.clang.1_0;
				GCC_WARN_ABOUT_RETURN_TYPE = YES;
				GCC_WARN_UNUSED_VARIABLE = YES;
				LLVM_LTO = NO;
				SDKROOT = macosx10.6;
			};
			name = Release;
		};
/* End XCBuildConfiguration section */

/* Begin XCConfigurationList section */
		1DEB91AD08733DA50010E9CD /* Build configuration list for PBXNativeTarget "JBBAdditions" */ = {
			isa = XCConfigurationList;
			buildConfigurations = (
				1DEB91AF08733DA50010E9CD /* Release */,
			);
			defaultConfigurationIsVisible = 0;
			defaultConfigurationName = Release;
		};
		1DEB91B108733DA50010E9CD /* Build configuration list for PBXProject "JBBAdditions" */ = {
			isa = XCConfigurationList;
			buildConfigurations = (
				1DEB91B308733DA50010E9CD /* Release */,
			);
			defaultConfigurationIsVisible = 0;
			defaultConfigurationName = Release;
		};
/* End XCConfigurationList section */
	};
	rootObject = 0867D690FE84028FC02AAC07 /* Project object */;
}
